
Microsoft Visual Studio Solution File, Format Version 12.00
# Visual Studio Version 17
VisualStudioVersion = 17.14.36121.58 d17.14
MinimumVisualStudioVersion = 10.0.40219.1
Project("{FAE04EC0-301F-11D3-BF4B-00C04F79EFBC}") = "Model", "Model\Model.csproj", "{3B5590F2-373C-42C8-AE46-7D51366AAF51}"
EndProject
Project("{FAE04EC0-301F-11D3-BF4B-00C04F79EFBC}") = "DataAccess", "DataAccess\DataAccess.csproj", "{4651BF26-6674-4849-BEA2-0A5F1B96FFF3}"
EndProject
Project("{FAE04EC0-301F-11D3-BF4B-00C04F79EFBC}") = "Repository", "Repository\Repository.csproj", "{C08BB9A2-B842-4E9A-AE84-EBC035E4697D}"
EndProject
Project("{FAE04EC0-301F-11D3-BF4B-00C04F79EFBC}") = "WebAPI", "WebAPI\WebAPI.csproj", "{8E88AE0A-037E-4A8A-AEB6-95026AC065D6}"
EndProject
Project("{FAE04EC0-301F-11D3-BF4B-00C04F79EFBC}") = "DTO", "DTO\DTO.csproj", "{B43CFF8C-D388-4707-98CD-18422C052484}"
EndProject
Global
	GlobalSection(SolutionConfigurationPlatforms) = preSolution
		Debug|Any CPU = Debug|Any CPU
		Release|Any CPU = Release|Any CPU
	EndGlobalSection
	GlobalSection(ProjectConfigurationPlatforms) = postSolution
		{3B5590F2-373C-42C8-AE46-7D51366AAF51}.Debug|Any CPU.ActiveCfg = Debug|Any CPU
		{3B5590F2-373C-42C8-AE46-7D51366AAF51}.Debug|Any CPU.Build.0 = Debug|Any CPU
		{3B5590F2-373C-42C8-AE46-7D51366AAF51}.Release|Any CPU.ActiveCfg = Release|Any CPU
		{3B5590F2-373C-42C8-AE46-7D51366AAF51}.Release|Any CPU.Build.0 = Release|Any CPU
		{4651BF26-6674-4849-BEA2-0A5F1B96FFF3}.Debug|Any CPU.ActiveCfg = Debug|Any CPU
		{4651BF26-6674-4849-BEA2-0A5F1B96FFF3}.Debug|Any CPU.Build.0 = Debug|Any CPU
		{4651BF26-6674-4849-BEA2-0A5F1B96FFF3}.Release|Any CPU.ActiveCfg = Release|Any CPU
		{4651BF26-6674-4849-BEA2-0A5F1B96FFF3}.Release|Any CPU.Build.0 = Release|Any CPU
		{C08BB9A2-B842-4E9A-AE84-EBC035E4697D}.Debug|Any CPU.ActiveCfg = Debug|Any CPU
		{C08BB9A2-B842-4E9A-AE84-EBC035E4697D}.Debug|Any CPU.Build.0 = Debug|Any CPU
		{C08BB9A2-B842-4E9A-AE84-EBC035E4697D}.Release|Any CPU.ActiveCfg = Release|Any CPU
		{C08BB9A2-B842-4E9A-AE84-EBC035E4697D}.Release|Any CPU.Build.0 = Release|Any CPU
		{8E88AE0A-037E-4A8A-AEB6-95026AC065D6}.Debug|Any CPU.ActiveCfg = Debug|Any CPU
		{8E88AE0A-037E-4A8A-AEB6-95026AC065D6}.Debug|Any CPU.Build.0 = Debug|Any CPU
		{8E88AE0A-037E-4A8A-AEB6-95026AC065D6}.Release|Any CPU.ActiveCfg = Release|Any CPU
		{8E88AE0A-037E-4A8A-AEB6-95026AC065D6}.Release|Any CPU.Build.0 = Release|Any CPU
		{B43CFF8C-D388-4707-98CD-18422C052484}.Debug|Any CPU.ActiveCfg = Debug|Any CPU
		{B43CFF8C-D388-4707-98CD-18422C052484}.Debug|Any CPU.Build.0 = Debug|Any CPU
		{B43CFF8C-D388-4707-98CD-18422C052484}.Release|Any CPU.ActiveCfg = Release|Any CPU
		{B43CFF8C-D388-4707-98CD-18422C052484}.Release|Any CPU.Build.0 = Release|Any CPU
	EndGlobalSection
	GlobalSection(SolutionProperties) = preSolution
		HideSolutionNode = FALSE
	EndGlobalSection
	GlobalSection(ExtensibilityGlobals) = postSolution
		SolutionGuid = {CF75AC49-43AA-4A98-B48B-7CC79E5AFD47}
	EndGlobalSection
EndGlobal
